
Microsoft Visual Studio Solution File, Format Version 12.00
Project("{FAE04EC0-301F-11D3-BF4B-00C04F79EFBC}") = "Mission3FoodBank", "Mission3FoodBank.csproj", "{18F1BC63-1C63-4BF9-8B77-BB9413FDF6DA}"
EndProject
Global
	GlobalSection(SolutionConfigurationPlatforms) = preSolution
		Debug|Any CPU = Debug|Any CPU
		Release|Any CPU = Release|Any CPU
	EndGlobalSection
	GlobalSection(ProjectConfigurationPlatforms) = postSolution
		{18F1BC63-1C63-4BF9-8B77-BB9413FDF6DA}.Debug|Any CPU.ActiveCfg = Debug|Any CPU
		{18F1BC63-1C63-4BF9-8B77-BB9413FDF6DA}.Debug|Any CPU.Build.0 = Debug|Any CPU
		{18F1BC63-1C63-4BF9-8B77-BB9413FDF6DA}.Release|Any CPU.ActiveCfg = Release|Any CPU
		{18F1BC63-1C63-4BF9-8B77-BB9413FDF6DA}.Release|Any CPU.Build.0 = Release|Any CPU
	EndGlobalSection
EndGlobal
